
Microsoft Visual Studio Solution File, Format Version 12.00
# Visual Studio Version 17
VisualStudioVersion = 17.9.34728.123
MinimumVisualStudioVersion = 10.0.40219.1
Project("{FAE04EC0-301F-11D3-BF4B-00C04F79EFBC}") = "ADONetPrac", "ADONetPrac.csproj", "{A54617D5-43AA-4F1E-9DAD-C60839D33AEE}"
EndProject
Global
	GlobalSection(SolutionConfigurationPlatforms) = preSolution
		Debug|Any CPU = Debug|Any CPU
		Release|Any CPU = Release|Any CPU
	EndGlobalSection
	GlobalSection(ProjectConfigurationPlatforms) = postSolution
		{A54617D5-43AA-4F1E-9DAD-C60839D33AEE}.Debug|Any CPU.ActiveCfg = Debug|Any CPU
		{A54617D5-43AA-4F1E-9DAD-C60839D33AEE}.Debug|Any CPU.Build.0 = Debug|Any CPU
		{A54617D5-43AA-4F1E-9DAD-C60839D33AEE}.Release|Any CPU.ActiveCfg = Release|Any CPU
		{A54617D5-43AA-4F1E-9DAD-C60839D33AEE}.Release|Any CPU.Build.0 = Release|Any CPU
	EndGlobalSection
	GlobalSection(SolutionProperties) = preSolution
		HideSolutionNode = FALSE
	EndGlobalSection
	GlobalSection(ExtensibilityGlobals) = postSolution
		SolutionGuid = {B828E08F-C525-4B12-B4C3-9292E463F228}
	EndGlobalSection
EndGlobal
